
Microsoft Visual Studio Solution File, Format Version 12.00
# Visual Studio 2012
Project("{FAE04EC0-301F-11D3-BF4B-00C04F79EFBC}") = "PlaSample.App", "source\PlaSample.App\PlaSample.App.csproj", "{1D239B5E-456D-4492-89AC-560FD654A6C9}"
EndProject
Project("{FAE04EC0-301F-11D3-BF4B-00C04F79EFBC}") = "PlaSample.Core", "source\PlaSample.Core\PlaSample.Core.csproj", "{47328C1B-DB52-4F20-8964-F6310D002698}"
EndProject
Global
	GlobalSection(SolutionConfigurationPlatforms) = preSolution
		Debug|Any CPU = Debug|Any CPU
		Release|Any CPU = Release|Any CPU
	EndGlobalSection
	GlobalSection(ProjectConfigurationPlatforms) = postSolution
		{1D239B5E-456D-4492-89AC-560FD654A6C9}.Debug|Any CPU.ActiveCfg = Debug|Any CPU
		{1D239B5E-456D-4492-89AC-560FD654A6C9}.Debug|Any CPU.Build.0 = Debug|Any CPU
		{1D239B5E-456D-4492-89AC-560FD654A6C9}.Release|Any CPU.ActiveCfg = Release|Any CPU
		{1D239B5E-456D-4492-89AC-560FD654A6C9}.Release|Any CPU.Build.0 = Release|Any CPU
		{47328C1B-DB52-4F20-8964-F6310D002698}.Debug|Any CPU.ActiveCfg = Debug|Any CPU
		{47328C1B-DB52-4F20-8964-F6310D002698}.Debug|Any CPU.Build.0 = Debug|Any CPU
		{47328C1B-DB52-4F20-8964-F6310D002698}.Release|Any CPU.ActiveCfg = Release|Any CPU
		{47328C1B-DB52-4F20-8964-F6310D002698}.Release|Any CPU.Build.0 = Release|Any CPU
	EndGlobalSection
	GlobalSection(SolutionProperties) = preSolution
		HideSolutionNode = FALSE
	EndGlobalSection
EndGlobal
